
Microsoft Visual Studio Solution File, Format Version 12.00
Project("{FAE04EC0-301F-11D3-BF4B-00C04F79EFBC}") = "Notes.Core", "Services\Notes\Notes.Core\Notes.Core.csproj", "{1B4F48D0-7231-41D9-8076-C4CD7E55C063}"
EndProject
Project("{FAE04EC0-301F-11D3-BF4B-00C04F79EFBC}") = "Notes.Application", "Services\Notes\Notes.Application\Notes.Application.csproj", "{5E964E73-241D-46AD-BDC6-6DE0E92E7F09}"
EndProject
Project("{FAE04EC0-301F-11D3-BF4B-00C04F79EFBC}") = "Notes.Persistence", "Services\Notes\Notes.Persistence\Notes.Persistence.csproj", "{27023DD5-1082-45A6-A082-A880D2170A02}"
EndProject
Project("{FAE04EC0-301F-11D3-BF4B-00C04F79EFBC}") = "Notes.Tests", "Services\Notes\Notes.Tests\Notes.Tests.csproj", "{46190EE0-4F81-409E-94DF-BB07401A1095}"
EndProject
Project("{FAE04EC0-301F-11D3-BF4B-00C04F79EFBC}") = "Notes.WebApi", "Services\Notes\Notes.WebApi\Notes.WebApi.csproj", "{E8CB0D58-B7AC-45C0-9714-BB6876ED6F53}"
EndProject
Global
	GlobalSection(SolutionConfigurationPlatforms) = preSolution
		Debug|Any CPU = Debug|Any CPU
		Release|Any CPU = Release|Any CPU
	EndGlobalSection
	GlobalSection(ProjectConfigurationPlatforms) = postSolution
		{1B4F48D0-7231-41D9-8076-C4CD7E55C063}.Debug|Any CPU.ActiveCfg = Debug|Any CPU
		{1B4F48D0-7231-41D9-8076-C4CD7E55C063}.Debug|Any CPU.Build.0 = Debug|Any CPU
		{1B4F48D0-7231-41D9-8076-C4CD7E55C063}.Release|Any CPU.ActiveCfg = Release|Any CPU
		{1B4F48D0-7231-41D9-8076-C4CD7E55C063}.Release|Any CPU.Build.0 = Release|Any CPU
		{5E964E73-241D-46AD-BDC6-6DE0E92E7F09}.Debug|Any CPU.ActiveCfg = Debug|Any CPU
		{5E964E73-241D-46AD-BDC6-6DE0E92E7F09}.Debug|Any CPU.Build.0 = Debug|Any CPU
		{5E964E73-241D-46AD-BDC6-6DE0E92E7F09}.Release|Any CPU.ActiveCfg = Release|Any CPU
		{5E964E73-241D-46AD-BDC6-6DE0E92E7F09}.Release|Any CPU.Build.0 = Release|Any CPU
		{27023DD5-1082-45A6-A082-A880D2170A02}.Debug|Any CPU.ActiveCfg = Debug|Any CPU
		{27023DD5-1082-45A6-A082-A880D2170A02}.Debug|Any CPU.Build.0 = Debug|Any CPU
		{27023DD5-1082-45A6-A082-A880D2170A02}.Release|Any CPU.ActiveCfg = Release|Any CPU
		{27023DD5-1082-45A6-A082-A880D2170A02}.Release|Any CPU.Build.0 = Release|Any CPU
		{46190EE0-4F81-409E-94DF-BB07401A1095}.Debug|Any CPU.ActiveCfg = Debug|Any CPU
		{46190EE0-4F81-409E-94DF-BB07401A1095}.Debug|Any CPU.Build.0 = Debug|Any CPU
		{46190EE0-4F81-409E-94DF-BB07401A1095}.Release|Any CPU.ActiveCfg = Release|Any CPU
		{46190EE0-4F81-409E-94DF-BB07401A1095}.Release|Any CPU.Build.0 = Release|Any CPU
		{E8CB0D58-B7AC-45C0-9714-BB6876ED6F53}.Debug|Any CPU.ActiveCfg = Debug|Any CPU
		{E8CB0D58-B7AC-45C0-9714-BB6876ED6F53}.Debug|Any CPU.Build.0 = Debug|Any CPU
		{E8CB0D58-B7AC-45C0-9714-BB6876ED6F53}.Release|Any CPU.ActiveCfg = Release|Any CPU
		{E8CB0D58-B7AC-45C0-9714-BB6876ED6F53}.Release|Any CPU.Build.0 = Release|Any CPU
	EndGlobalSection
EndGlobal
